// !$*UTF8*$!
{
	archiveVersion = 1;
	classes = {
	};
	objectVersion = 46;
	objects = {

/* Begin PBXBuildFile section */
		053CCE381E7EC53700670211 /* Version.swift in Sources */ = {isa = PBXBuildFile; fileRef = 053CCE371E7EC53700670211 /* Version.swift */; };
		054691F91F07A09700C5C0EF /* GoogleService-Info.plist in Resources */ = {isa = PBXBuildFile; fileRef = 054691F81F07A09700C5C0EF /* GoogleService-Info.plist */; };
		056D07CD1EDADE710077A626 /* quickTrickTable.swift in Sources */ = {isa = PBXBuildFile; fileRef = 056D07CC1EDADE710077A626 /* quickTrickTable.swift */; };
		05871E9D1F08D78900AC4F53 /* doubledummybridge.json in Resources */ = {isa = PBXBuildFile; fileRef = 05871E9C1F08D78900AC4F53 /* doubledummybridge.json */; };
		05CC780E1E61A8B900962EA3 /* AppDelegate.swift in Sources */ = {isa = PBXBuildFile; fileRef = 05CC780D1E61A8B900962EA3 /* AppDelegate.swift */; };
		05CC78101E61A8B900962EA3 /* ViewController.swift in Sources */ = {isa = PBXBuildFile; fileRef = 05CC780F1E61A8B900962EA3 /* ViewController.swift */; };
		05CC78131E61A8B900962EA3 /* Main_OLD.storyboard in Resources */ = {isa = PBXBuildFile; fileRef = 05CC78111E61A8B900962EA3 /* Main_OLD.storyboard */; };
		05CC78151E61A8B900962EA3 /* Assets.xcassets in Resources */ = {isa = PBXBuildFile; fileRef = 05CC78141E61A8B900962EA3 /* Assets.xcassets */; };
		05CC78181E61A8B900962EA3 /* LaunchScreen.storyboard in Resources */ = {isa = PBXBuildFile; fileRef = 05CC78161E61A8B900962EA3 /* LaunchScreen.storyboard */; };
		05CC78201E62C83A00962EA3 /* GameBoard.swift in Sources */ = {isa = PBXBuildFile; fileRef = 05CC781F1E62C83A00962EA3 /* GameBoard.swift */; };
		05CC78221E62E70800962EA3 /* Constants.swift in Sources */ = {isa = PBXBuildFile; fileRef = 05CC78211E62E70800962EA3 /* Constants.swift */; };
		05CC78241E63301E00962EA3 /* ConstantsForTest.swift in Sources */ = {isa = PBXBuildFile; fileRef = 05CC78231E63301E00962EA3 /* ConstantsForTest.swift */; };
		05CC78261E6330C100962EA3 /* MinMax.swift in Sources */ = {isa = PBXBuildFile; fileRef = 05CC78251E6330C100962EA3 /* MinMax.swift */; };
		05CC78281E63444F00962EA3 /* Main.storyboard in Resources */ = {isa = PBXBuildFile; fileRef = 05CC78271E63444F00962EA3 /* Main.storyboard */; };
		05CC782A1E63468100962EA3 /* Output.swift in Sources */ = {isa = PBXBuildFile; fileRef = 05CC78291E63468100962EA3 /* Output.swift */; };
		05CC782C1E649F3500962EA3 /* TODO.swift in Sources */ = {isa = PBXBuildFile; fileRef = 05CC782B1E649F3500962EA3 /* TODO.swift */; };
		05CC782E1E64A72800962EA3 /* HelpingFunctions.swift in Sources */ = {isa = PBXBuildFile; fileRef = 05CC782D1E64A72800962EA3 /* HelpingFunctions.swift */; };
		05E0F0221E7B124C005FE515 /* HashTable.swift in Sources */ = {isa = PBXBuildFile; fileRef = 05E0F0211E7B124C005FE515 /* HashTable.swift */; };
		05E0F0241E7D4803005FE515 /* BackUpGameBoard.swift in Sources */ = {isa = PBXBuildFile; fileRef = 05E0F0231E7D4803005FE515 /* BackUpGameBoard.swift */; };
		05E88DDD1F20D5F700993DD7 /* SortingCards.swift in Sources */ = {isa = PBXBuildFile; fileRef = 05E88DDC1F20D5F700993DD7 /* SortingCards.swift */; };
		258D319B328B255C3C00A87A /* Pods_DoubleDummyBridge.framework in Frameworks */ = {isa = PBXBuildFile; fileRef = 94DC12D4A845DFEE1189EFB0 /* Pods_DoubleDummyBridge.framework */; };
/* End PBXBuildFile section */

/* Begin PBXFileReference section */
		053CCE371E7EC53700670211 /* Version.swift */ = {isa = PBXFileReference; fileEncoding = 4; lastKnownFileType = sourcecode.swift; path = Version.swift; sourceTree = "<group>"; };
		054691F81F07A09700C5C0EF /* GoogleService-Info.plist */ = {isa = PBXFileReference; fileEncoding = 4; lastKnownFileType = text.plist.xml; path = "GoogleService-Info.plist"; sourceTree = "<group>"; };
		056D07CC1EDADE710077A626 /* quickTrickTable.swift */ = {isa = PBXFileReference; fileEncoding = 4; lastKnownFileType = sourcecode.swift; name = quickTrickTable.swift; path = ../quickTrickTable.swift; sourceTree = "<group>"; };
		05871E9C1F08D78900AC4F53 /* doubledummybridge.json */ = {isa = PBXFileReference; fileEncoding = 4; lastKnownFileType = text.json; path = doubledummybridge.json; sourceTree = "<group>"; };
		05871E9E1F08DA9900AC4F53 /* DoubleDummyBridge.entitlements */ = {isa = PBXFileReference; lastKnownFileType = text.plist.entitlements; path = DoubleDummyBridge.entitlements; sourceTree = "<group>"; };
		05CC780A1E61A8B900962EA3 /* DoubleDummyBridge.app */ = {isa = PBXFileReference; explicitFileType = wrapper.application; includeInIndex = 0; path = DoubleDummyBridge.app; sourceTree = BUILT_PRODUCTS_DIR; };
		05CC780D1E61A8B900962EA3 /* AppDelegate.swift */ = {isa = PBXFileReference; lastKnownFileType = sourcecode.swift; path = AppDelegate.swift; sourceTree = "<group>"; };
		05CC780F1E61A8B900962EA3 /* ViewController.swift */ = {isa = PBXFileReference; lastKnownFileType = sourcecode.swift; path = ViewController.swift; sourceTree = "<group>"; };
		05CC78121E61A8B900962EA3 /* Base */ = {isa = PBXFileReference; lastKnownFileType = file.storyboard; name = Base; path = Base.lproj/Main_OLD.storyboard; sourceTree = "<group>"; };
		05CC78141E61A8B900962EA3 /* Assets.xcassets */ = {isa = PBXFileReference; lastKnownFileType = folder.assetcatalog; path = Assets.xcassets; sourceTree = "<group>"; };
		05CC78171E61A8B900962EA3 /* Base */ = {isa = PBXFileReference; lastKnownFileType = file.storyboard; name = Base; path = Base.lproj/LaunchScreen.storyboard; sourceTree = "<group>"; };
		05CC78191E61A8B900962EA3 /* Info.plist */ = {isa = PBXFileReference; lastKnownFileType = text.plist.xml; path = Info.plist; sourceTree = "<group>"; };
		05CC781F1E62C83A00962EA3 /* GameBoard.swift */ = {isa = PBXFileReference; fileEncoding = 4; lastKnownFileType = sourcecode.swift; name = GameBoard.swift; path = ../GameBoard.swift; sourceTree = "<group>"; };
		05CC78211E62E70800962EA3 /* Constants.swift */ = {isa = PBXFileReference; fileEncoding = 4; lastKnownFileType = sourcecode.swift; name = Constants.swift; path = ../Constants.swift; sourceTree = "<group>"; };
		05CC78231E63301E00962EA3 /* ConstantsForTest.swift */ = {isa = PBXFileReference; fileEncoding = 4; lastKnownFileType = sourcecode.swift; name = ConstantsForTest.swift; path = ../ConstantsForTest.swift; sourceTree = "<group>"; };
		05CC78251E6330C100962EA3 /* MinMax.swift */ = {isa = PBXFileReference; fileEncoding = 4; lastKnownFileType = sourcecode.swift; name = MinMax.swift; path = ../MinMax.swift; sourceTree = "<group>"; };
		05CC78271E63444F00962EA3 /* Main.storyboard */ = {isa = PBXFileReference; fileEncoding = 4; lastKnownFileType = file.storyboard; path = Main.storyboard; sourceTree = "<group>"; };
		05CC78291E63468100962EA3 /* Output.swift */ = {isa = PBXFileReference; fileEncoding = 4; lastKnownFileType = sourcecode.swift; path = Output.swift; sourceTree = "<group>"; };
		05CC782B1E649F3500962EA3 /* TODO.swift */ = {isa = PBXFileReference; fileEncoding = 4; lastKnownFileType = sourcecode.swift; path = TODO.swift; sourceTree = "<group>"; };
		05CC782D1E64A72800962EA3 /* HelpingFunctions.swift */ = {isa = PBXFileReference; fileEncoding = 4; lastKnownFileType = sourcecode.swift; name = HelpingFunctions.swift; path = ../HelpingFunctions.swift; sourceTree = "<group>"; };
		05E0F0211E7B124C005FE515 /* HashTable.swift */ = {isa = PBXFileReference; fileEncoding = 4; lastKnownFileType = sourcecode.swift; name = HashTable.swift; path = ../HashTable.swift; sourceTree = "<group>"; };
		05E0F0231E7D4803005FE515 /* BackUpGameBoard.swift */ = {isa = PBXFileReference; fileEncoding = 4; lastKnownFileType = sourcecode.swift; path = BackUpGameBoard.swift; sourceTree = "<group>"; };
		05E88DDC1F20D5F700993DD7 /* SortingCards.swift */ = {isa = PBXFileReference; fileEncoding = 4; lastKnownFileType = sourcecode.swift; name = SortingCards.swift; path = ../SortingCards.swift; sourceTree = "<group>"; };
		0F57535435DC7C412B0B9FB9 /* Pods-DoubleDummyBridge.release.xcconfig */ = {isa = PBXFileReference; includeInIndex = 1; lastKnownFileType = text.xcconfig; name = "Pods-DoubleDummyBridge.release.xcconfig"; path = "Pods/Target Support Files/Pods-DoubleDummyBridge/Pods-DoubleDummyBridge.release.xcconfig"; sourceTree = "<group>"; };
		94DC12D4A845DFEE1189EFB0 /* Pods_DoubleDummyBridge.framework */ = {isa = PBXFileReference; explicitFileType = wrapper.framework; includeInIndex = 0; path = Pods_DoubleDummyBridge.framework; sourceTree = BUILT_PRODUCTS_DIR; };
		9563FD3306963093A2B39B6C /* Pods-DoubleDummyBridge.debug.xcconfig */ = {isa = PBXFileReference; includeInIndex = 1; lastKnownFileType = text.xcconfig; name = "Pods-DoubleDummyBridge.debug.xcconfig"; path = "Pods/Target Support Files/Pods-DoubleDummyBridge/Pods-DoubleDummyBridge.debug.xcconfig"; sourceTree = "<group>"; };
/* End PBXFileReference section */

/* Begin PBXFrameworksBuildPhase section */
		05CC78071E61A8B900962EA3 /* Frameworks */ = {
			isa = PBXFrameworksBuildPhase;
			buildActionMask = 2147483647;
			files = (
				258D319B328B255C3C00A87A /* Pods_DoubleDummyBridge.framework in Frameworks */,
			);
			runOnlyForDeploymentPostprocessing = 0;
		};
/* End PBXFrameworksBuildPhase section */

/* Begin PBXGroup section */
		053CCE361E7EC51000670211 /* BackUp */ = {
			isa = PBXGroup;
			children = (
				05E0F0231E7D4803005FE515 /* BackUpGameBoard.swift */,
			);
			name = BackUp;
			sourceTree = "<group>";
		};
		05CC78011E61A8B900962EA3 = {
			isa = PBXGroup;
			children = (
				053CCE371E7EC53700670211 /* Version.swift */,
				05CC782B1E649F3500962EA3 /* TODO.swift */,
				05CC780C1E61A8B900962EA3 /* DoubleDummyBridge */,
				053CCE361E7EC51000670211 /* BackUp */,
				05CC780B1E61A8B900962EA3 /* Products */,
				824C90DB354EDA465C6FD3CC /* Pods */,
				89AC3A950D9E5BBF071A7CCE /* Frameworks */,
			);
			sourceTree = "<group>";
		};
		05CC780B1E61A8B900962EA3 /* Products */ = {
			isa = PBXGroup;
			children = (
				05CC780A1E61A8B900962EA3 /* DoubleDummyBridge.app */,
			);
			name = Products;
			sourceTree = "<group>";
		};
		05CC780C1E61A8B900962EA3 /* DoubleDummyBridge */ = {
			isa = PBXGroup;
			children = (
				05871E9E1F08DA9900AC4F53 /* DoubleDummyBridge.entitlements */,
				05CC780D1E61A8B900962EA3 /* AppDelegate.swift */,
				05CC780F1E61A8B900962EA3 /* ViewController.swift */,
				05CC78111E61A8B900962EA3 /* Main_OLD.storyboard */,
				05CC78141E61A8B900962EA3 /* Assets.xcassets */,
				05CC78161E61A8B900962EA3 /* LaunchScreen.storyboard */,
				05CC78271E63444F00962EA3 /* Main.storyboard */,
				054691F81F07A09700C5C0EF /* GoogleService-Info.plist */,
				05CC78191E61A8B900962EA3 /* Info.plist */,
				05871E9C1F08D78900AC4F53 /* doubledummybridge.json */,
				05CC781F1E62C83A00962EA3 /* GameBoard.swift */,
				05CC78251E6330C100962EA3 /* MinMax.swift */,
				05E0F0211E7B124C005FE515 /* HashTable.swift */,
				05CC782D1E64A72800962EA3 /* HelpingFunctions.swift */,
				05CC78211E62E70800962EA3 /* Constants.swift */,
				05CC78231E63301E00962EA3 /* ConstantsForTest.swift */,
				05CC78291E63468100962EA3 /* Output.swift */,
				056D07CC1EDADE710077A626 /* quickTrickTable.swift */,
				05E88DDC1F20D5F700993DD7 /* SortingCards.swift */,
			);
			path = DoubleDummyBridge;
			sourceTree = "<group>";
		};
		824C90DB354EDA465C6FD3CC /* Pods */ = {
			isa = PBXGroup;
			children = (
				9563FD3306963093A2B39B6C /* Pods-DoubleDummyBridge.debug.xcconfig */,
				0F57535435DC7C412B0B9FB9 /* Pods-DoubleDummyBridge.release.xcconfig */,
			);
			name = Pods;
			sourceTree = "<group>";
		};
		89AC3A950D9E5BBF071A7CCE /* Frameworks */ = {
			isa = PBXGroup;
			children = (
				94DC12D4A845DFEE1189EFB0 /* Pods_DoubleDummyBridge.framework */,
			);
			name = Frameworks;
			sourceTree = "<group>";
		};
/* End PBXGroup section */

/* Begin PBXNativeTarget section */
		05CC78091E61A8B900962EA3 /* DoubleDummyBridge */ = {
			isa = PBXNativeTarget;
			buildConfigurationList = 05CC781C1E61A8B900962EA3 /* Build configuration list for PBXNativeTarget "DoubleDummyBridge" */;
			buildPhases = (
				13FFC0A686A4CBBA7B6CA6E2 /* [CP] Check Pods Manifest.lock */,
				05CC78061E61A8B900962EA3 /* Sources */,
				05CC78071E61A8B900962EA3 /* Frameworks */,
				05CC78081E61A8B900962EA3 /* Resources */,
				0106046712A6E1CF4B87CBE7 /* [CP] Embed Pods Frameworks */,
				5269212732E75BA2289A75F6 /* [CP] Copy Pods Resources */,
			);
			buildRules = (
			);
			dependencies = (
			);
			name = DoubleDummyBridge;
			productName = DoubleDummyBridge;
			productReference = 05CC780A1E61A8B900962EA3 /* DoubleDummyBridge.app */;
			productType = "com.apple.product-type.application";
		};
/* End PBXNativeTarget section */

/* Begin PBXProject section */
		05CC78021E61A8B900962EA3 /* Project object */ = {
			isa = PBXProject;
			attributes = {
				LastSwiftUpdateCheck = 0800;
				LastUpgradeCheck = 0800;
				ORGANIZATIONNAME = "Fabian von Löbbecke";
				TargetAttributes = {
					05CC78091E61A8B900962EA3 = {
						CreatedOnToolsVersion = 8.0;
						DevelopmentTeam = NXYKJ9H94Y;
						ProvisioningStyle = Automatic;
						SystemCapabilities = {
							com.apple.Keychain = {
								enabled = 1;
							};
						};
					};
				};
			};
			buildConfigurationList = 05CC78051E61A8B900962EA3 /* Build configuration list for PBXProject "DoubleDummyBridge" */;
			compatibilityVersion = "Xcode 3.2";
			developmentRegion = English;
			hasScannedForEncodings = 0;
			knownRegions = (
				en,
				Base,
			);
			mainGroup = 05CC78011E61A8B900962EA3;
			productRefGroup = 05CC780B1E61A8B900962EA3 /* Products */;
			projectDirPath = "";
			projectRoot = "";
			targets = (
				05CC78091E61A8B900962EA3 /* DoubleDummyBridge */,
			);
		};
/* End PBXProject section */

/* Begin PBXResourcesBuildPhase section */
		05CC78081E61A8B900962EA3 /* Resources */ = {
			isa = PBXResourcesBuildPhase;
			buildActionMask = 2147483647;
			files = (
				05CC78181E61A8B900962EA3 /* LaunchScreen.storyboard in Resources */,
				05CC78151E61A8B900962EA3 /* Assets.xcassets in Resources */,
				05871E9D1F08D78900AC4F53 /* doubledummybridge.json in Resources */,
				054691F91F07A09700C5C0EF /* GoogleService-Info.plist in Resources */,
				05CC78131E61A8B900962EA3 /* Main_OLD.storyboard in Resources */,
				05CC78281E63444F00962EA3 /* Main.storyboard in Resources */,
			);
			runOnlyForDeploymentPostprocessing = 0;
		};
/* End PBXResourcesBuildPhase section */

/* Begin PBXShellScriptBuildPhase section */
		0106046712A6E1CF4B87CBE7 /* [CP] Embed Pods Frameworks */ = {
			isa = PBXShellScriptBuildPhase;
			buildActionMask = 2147483647;
			files = (
			);
			inputPaths = (
			);
			name = "[CP] Embed Pods Frameworks";
			outputPaths = (
			);
			runOnlyForDeploymentPostprocessing = 0;
			shellPath = /bin/sh;
			shellScript = "\"${SRCROOT}/Pods/Target Support Files/Pods-DoubleDummyBridge/Pods-DoubleDummyBridge-frameworks.sh\"\n";
			showEnvVarsInLog = 0;
		};
		13FFC0A686A4CBBA7B6CA6E2 /* [CP] Check Pods Manifest.lock */ = {
			isa = PBXShellScriptBuildPhase;
			buildActionMask = 2147483647;
			files = (
			);
			inputPaths = (
			);
			name = "[CP] Check Pods Manifest.lock";
			outputPaths = (
			);
			runOnlyForDeploymentPostprocessing = 0;
			shellPath = /bin/sh;
			shellScript = "diff \"${PODS_PODFILE_DIR_PATH}/Podfile.lock\" \"${PODS_ROOT}/Manifest.lock\" > /dev/null\nif [ $? != 0 ] ; then\n    # print error to STDERR\n    echo \"error: The sandbox is not in sync with the Podfile.lock. Run 'pod install' or update your CocoaPods installation.\" >&2\n    exit 1\nfi\n";
			showEnvVarsInLog = 0;
		};
		5269212732E75BA2289A75F6 /* [CP] Copy Pods Resources */ = {
			isa = PBXShellScriptBuildPhase;
			buildActionMask = 2147483647;
			files = (
			);
			inputPaths = (
			);
			name = "[CP] Copy Pods Resources";
			outputPaths = (
			);
			runOnlyForDeploymentPostprocessing = 0;
			shellPath = /bin/sh;
			shellScript = "\"${SRCROOT}/Pods/Target Support Files/Pods-DoubleDummyBridge/Pods-DoubleDummyBridge-resources.sh\"\n";
			showEnvVarsInLog = 0;
		};
/* End PBXShellScriptBuildPhase section */

/* Begin PBXSourcesBuildPhase section */
		05CC78061E61A8B900962EA3 /* Sources */ = {
			isa = PBXSourcesBuildPhase;
			buildActionMask = 2147483647;
			files = (
				05E0F0241E7D4803005FE515 /* BackUpGameBoard.swift in Sources */,
				05CC78101E61A8B900962EA3 /* ViewController.swift in Sources */,
				05E88DDD1F20D5F700993DD7 /* SortingCards.swift in Sources */,
				05CC78261E6330C100962EA3 /* MinMax.swift in Sources */,
				05E0F0221E7B124C005FE515 /* HashTable.swift in Sources */,
				05CC78201E62C83A00962EA3 /* GameBoard.swift in Sources */,
				05CC782C1E649F3500962EA3 /* TODO.swift in Sources */,
				05CC782A1E63468100962EA3 /* Output.swift in Sources */,
				05CC780E1E61A8B900962EA3 /* AppDelegate.swift in Sources */,
				05CC78221E62E70800962EA3 /* Constants.swift in Sources */,
				05CC78241E63301E00962EA3 /* ConstantsForTest.swift in Sources */,
				056D07CD1EDADE710077A626 /* quickTrickTable.swift in Sources */,
				053CCE381E7EC53700670211 /* Version.swift in Sources */,
				05CC782E1E64A72800962EA3 /* HelpingFunctions.swift in Sources */,
			);
			runOnlyForDeploymentPostprocessing = 0;
		};
/* End PBXSourcesBuildPhase section */

/* Begin PBXVariantGroup section */
		05CC78111E61A8B900962EA3 /* Main_OLD.storyboard */ = {
			isa = PBXVariantGroup;
			children = (
				05CC78121E61A8B900962EA3 /* Base */,
			);
			name = Main_OLD.storyboard;
			sourceTree = "<group>";
		};
		05CC78161E61A8B900962EA3 /* LaunchScreen.storyboard */ = {
			isa = PBXVariantGroup;
			children = (
				05CC78171E61A8B900962EA3 /* Base */,
			);
			name = LaunchScreen.storyboard;
			sourceTree = "<group>";
		};
/* End PBXVariantGroup section */

/* Begin XCBuildConfiguration section */
		05CC781A1E61A8B900962EA3 /* Debug */ = {
			isa = XCBuildConfiguration;
			buildSettings = {
				ALWAYS_SEARCH_USER_PATHS = NO;
				CLANG_ANALYZER_NONNULL = YES;
				CLANG_CXX_LANGUAGE_STANDARD = "gnu++0x";
				CLANG_CXX_LIBRARY = "libc++";
				CLANG_ENABLE_MODULES = YES;
				CLANG_ENABLE_OBJC_ARC = YES;
				CLANG_WARN_BOOL_CONVERSION = YES;
				CLANG_WARN_CONSTANT_CONVERSION = YES;
				CLANG_WARN_DIRECT_OBJC_ISA_USAGE = YES_ERROR;
				CLANG_WARN_DOCUMENTATION_COMMENTS = YES;
				CLANG_WARN_EMPTY_BODY = YES;
				CLANG_WARN_ENUM_CONVERSION = YES;
				CLANG_WARN_INFINITE_RECURSION = YES;
				CLANG_WARN_INT_CONVERSION = YES;
				CLANG_WARN_OBJC_ROOT_CLASS = YES_ERROR;
				CLANG_WARN_SUSPICIOUS_MOVES = YES;
				CLANG_WARN_UNREACHABLE_CODE = YES;
				CLANG_WARN__DUPLICATE_METHOD_MATCH = YES;
				"CODE_SIGN_IDENTITY[sdk=iphoneos*]" = "iPhone Developer";
				COPY_PHASE_STRIP = NO;
				DEBUG_INFORMATION_FORMAT = dwarf;
				ENABLE_STRICT_OBJC_MSGSEND = YES;
				ENABLE_TESTABILITY = YES;
				GCC_C_LANGUAGE_STANDARD = gnu99;
				GCC_DYNAMIC_NO_PIC = NO;
				GCC_NO_COMMON_BLOCKS = YES;
				GCC_OPTIMIZATION_LEVEL = 0;
				GCC_PREPROCESSOR_DEFINITIONS = (
					"DEBUG=1",
					"$(inherited)",
				);
				GCC_WARN_64_TO_32_BIT_CONVERSION = YES;
				GCC_WARN_ABOUT_RETURN_TYPE = YES_ERROR;
				GCC_WARN_UNDECLARED_SELECTOR = YES;
				GCC_WARN_UNINITIALIZED_AUTOS = YES_AGGRESSIVE;
				GCC_WARN_UNUSED_FUNCTION = YES;
				GCC_WARN_UNUSED_VARIABLE = YES;
				IPHONEOS_DEPLOYMENT_TARGET = 10.0;
				MTL_ENABLE_DEBUG_INFO = YES;
				ONLY_ACTIVE_ARCH = YES;
				SDKROOT = iphoneos;
				SWIFT_ACTIVE_COMPILATION_CONDITIONS = DEBUG;
				SWIFT_OPTIMIZATION_LEVEL = "-Onone";
				TARGETED_DEVICE_FAMILY = "1,2";
			};
			name = Debug;
		};
		05CC781B1E61A8B900962EA3 /* Release */ = {
			isa = XCBuildConfiguration;
			buildSettings = {
				ALWAYS_SEARCH_USER_PATHS = NO;
				CLANG_ANALYZER_NONNULL = YES;
				CLANG_CXX_LANGUAGE_STANDARD = "gnu++0x";
				CLANG_CXX_LIBRARY = "libc++";
				CLANG_ENABLE_MODULES = YES;
				CLANG_ENABLE_OBJC_ARC = YES;
				CLANG_WARN_BOOL_CONVERSION = YES;
				CLANG_WARN_CONSTANT_CONVERSION = YES;
				CLANG_WARN_DIRECT_OBJC_ISA_USAGE = YES_ERROR;
				CLANG_WARN_DOCUMENTATION_COMMENTS = YES;
				CLANG_WARN_EMPTY_BODY = YES;
				CLANG_WARN_ENUM_CONVERSION = YES;
				CLANG_WARN_INFINITE_RECURSION = YES;
				CLANG_WARN_INT_CONVERSION = YES;
				CLANG_WARN_OBJC_ROOT_CLASS = YES_ERROR;
				CLANG_WARN_SUSPICIOUS_MOVES = YES;
				CLANG_WARN_UNREACHABLE_CODE = YES;
				CLANG_WARN__DUPLICATE_METHOD_MATCH = YES;
				"CODE_SIGN_IDENTITY[sdk=iphoneos*]" = "iPhone Developer";
				COPY_PHASE_STRIP = NO;
				DEBUG_INFORMATION_FORMAT = "dwarf-with-dsym";
				ENABLE_NS_ASSERTIONS = NO;
				ENABLE_STRICT_OBJC_MSGSEND = YES;
				GCC_C_LANGUAGE_STANDARD = gnu99;
				GCC_NO_COMMON_BLOCKS = YES;
				GCC_WARN_64_TO_32_BIT_CONVERSION = YES;
				GCC_WARN_ABOUT_RETURN_TYPE = YES_ERROR;
				GCC_WARN_UNDECLARED_SELECTOR = YES;
				GCC_WARN_UNINITIALIZED_AUTOS = YES_AGGRESSIVE;
				GCC_WARN_UNUSED_FUNCTION = YES;
				GCC_WARN_UNUSED_VARIABLE = YES;
				IPHONEOS_DEPLOYMENT_TARGET = 10.0;
				MTL_ENABLE_DEBUG_INFO = NO;
				SDKROOT = iphoneos;
				SWIFT_OPTIMIZATION_LEVEL = "-Owholemodule";
				TARGETED_DEVICE_FAMILY = "1,2";
				VALIDATE_PRODUCT = YES;
			};
			name = Release;
		};
		05CC781D1E61A8B900962EA3 /* Debug */ = {
			isa = XCBuildConfiguration;
			baseConfigurationReference = 9563FD3306963093A2B39B6C /* Pods-DoubleDummyBridge.debug.xcconfig */;
			buildSettings = {
				ASSETCATALOG_COMPILER_APPICON_NAME = AppIcon;
				CODE_SIGN_ENTITLEMENTS = DoubleDummyBridge/DoubleDummyBridge.entitlements;
				DEVELOPMENT_TEAM = NXYKJ9H94Y;
				INFOPLIST_FILE = DoubleDummyBridge/Info.plist;
				LD_RUNPATH_SEARCH_PATHS = "$(inherited) @executable_path/Frameworks";
				PRODUCT_BUNDLE_IDENTIFIER = de.loebbeckevon.DoubleDummyBridge;
				PRODUCT_NAME = "$(TARGET_NAME)";
				SWIFT_VERSION = 3.0;
			};
			name = Debug;
		};
		05CC781E1E61A8B900962EA3 /* Release */ = {
			isa = XCBuildConfiguration;
			baseConfigurationReference = 0F57535435DC7C412B0B9FB9 /* Pods-DoubleDummyBridge.release.xcconfig */;
			buildSettings = {
				ASSETCATALOG_COMPILER_APPICON_NAME = AppIcon;
				CODE_SIGN_ENTITLEMENTS = DoubleDummyBridge/DoubleDummyBridge.entitlements;
				DEVELOPMENT_TEAM = NXYKJ9H94Y;
				INFOPLIST_FILE = DoubleDummyBridge/Info.plist;
				LD_RUNPATH_SEARCH_PATHS = "$(inherited) @executable_path/Frameworks";
				PRODUCT_BUNDLE_IDENTIFIER = de.loebbeckevon.DoubleDummyBridge;
				PRODUCT_NAME = "$(TARGET_NAME)";
				SWIFT_VERSION = 3.0;
			};
			name = Release;
		};
/* End XCBuildConfiguration section */

/* Begin XCConfigurationList section */
		05CC78051E61A8B900962EA3 /* Build configuration list for PBXProject "DoubleDummyBridge" */ = {
			isa = XCConfigurationList;
			buildConfigurations = (
				05CC781A1E61A8B900962EA3 /* Debug */,
				05CC781B1E61A8B900962EA3 /* Release */,
			);
			defaultConfigurationIsVisible = 0;
			defaultConfigurationName = Release;
		};
		05CC781C1E61A8B900962EA3 /* Build configuration list for PBXNativeTarget "DoubleDummyBridge" */ = {
			isa = XCConfigurationList;
			buildConfigurations = (
				05CC781D1E61A8B900962EA3 /* Debug */,
				05CC781E1E61A8B900962EA3 /* Release */,
			);
			defaultConfigurationIsVisible = 0;
			defaultConfigurationName = Release;
		};
/* End XCConfigurationList section */
	};
	rootObject = 05CC78021E61A8B900962EA3 /* Project object */;
}
